// !$*UTF8*$!
{
	archiveVersion = 1;
	classes = {
	};
	objectVersion = 50;
	objects = {

/* Begin PBXBuildFile section */
		322A56B127C32A720005E68A /* AppDelegate.swift in Sources */ = {isa = PBXBuildFile; fileRef = 322A56B027C32A720005E68A /* AppDelegate.swift */; };
		322A56B327C32A720005E68A /* ViewController.swift in Sources */ = {isa = PBXBuildFile; fileRef = 322A56B227C32A720005E68A /* ViewController.swift */; };
		322A56B627C32A720005E68A /* Main.storyboard in Resources */ = {isa = PBXBuildFile; fileRef = 322A56B427C32A720005E68A /* Main.storyboard */; };
		322A56B827C32A730005E68A /* Assets.xcassets in Resources */ = {isa = PBXBuildFile; fileRef = 322A56B727C32A730005E68A /* Assets.xcassets */; };
		322A56BB27C32A730005E68A /* LaunchScreen.storyboard in Resources */ = {isa = PBXBuildFile; fileRef = 322A56B927C32A730005E68A /* LaunchScreen.storyboard */; };
		861D459D27C4834B0008C7E9 /* RMCharacterStatus.swift in Sources */ = {isa = PBXBuildFile; fileRef = 861D459627C4834B0008C7E9 /* RMCharacterStatus.swift */; };
		861D459E27C4834B0008C7E9 /* RMRequest.swift in Sources */ = {isa = PBXBuildFile; fileRef = 861D459727C4834B0008C7E9 /* RMRequest.swift */; };
		861D459F27C4834B0008C7E9 /* RMCharacterFilterKey.swift in Sources */ = {isa = PBXBuildFile; fileRef = 861D459827C4834B0008C7E9 /* RMCharacterFilterKey.swift */; };
		861D45A027C4834B0008C7E9 /* RMCharacterGender.swift in Sources */ = {isa = PBXBuildFile; fileRef = 861D459927C4834B0008C7E9 /* RMCharacterGender.swift */; };
		861D45A127C4834B0008C7E9 /* RMCharacterResult.swift in Sources */ = {isa = PBXBuildFile; fileRef = 861D459A27C4834B0008C7E9 /* RMCharacterResult.swift */; };
		861D45A227C4834B0008C7E9 /* RMError.swift in Sources */ = {isa = PBXBuildFile; fileRef = 861D459B27C4834B0008C7E9 /* RMError.swift */; };
		861D45A327C4834B0008C7E9 /* RMCharacter.swift in Sources */ = {isa = PBXBuildFile; fileRef = 861D459C27C4834B0008C7E9 /* RMCharacter.swift */; };
		861D45A527C48D5E0008C7E9 /* RMRequestTests.swift in Sources */ = {isa = PBXBuildFile; fileRef = 861D45A427C48D5E0008C7E9 /* RMRequestTests.swift */; };
/* End PBXBuildFile section */

/* Begin PBXContainerItemProxy section */
		3265EBC327C48B6A00ED120F /* PBXContainerItemProxy */ = {
			isa = PBXContainerItemProxy;
			containerPortal = 322A56A527C32A720005E68A /* Project object */;
			proxyType = 1;
			remoteGlobalIDString = 322A56AC27C32A720005E68A;
			remoteInfo = RMCatalog;
		};
/* End PBXContainerItemProxy section */

/* Begin PBXFileReference section */
		322A56AD27C32A720005E68A /* RMCatalog.app */ = {isa = PBXFileReference; explicitFileType = wrapper.application; includeInIndex = 0; path = RMCatalog.app; sourceTree = BUILT_PRODUCTS_DIR; };
		322A56B027C32A720005E68A /* AppDelegate.swift */ = {isa = PBXFileReference; lastKnownFileType = sourcecode.swift; path = AppDelegate.swift; sourceTree = "<group>"; };
		322A56B227C32A720005E68A /* ViewController.swift */ = {isa = PBXFileReference; lastKnownFileType = sourcecode.swift; path = ViewController.swift; sourceTree = "<group>"; };
		322A56B527C32A720005E68A /* Base */ = {isa = PBXFileReference; lastKnownFileType = file.storyboard; name = Base; path = Base.lproj/Main.storyboard; sourceTree = "<group>"; };
		322A56B727C32A730005E68A /* Assets.xcassets */ = {isa = PBXFileReference; lastKnownFileType = folder.assetcatalog; path = Assets.xcassets; sourceTree = "<group>"; };
		322A56BA27C32A730005E68A /* Base */ = {isa = PBXFileReference; lastKnownFileType = file.storyboard; name = Base; path = Base.lproj/LaunchScreen.storyboard; sourceTree = "<group>"; };
		322A56BC27C32A730005E68A /* Info.plist */ = {isa = PBXFileReference; lastKnownFileType = text.plist.xml; path = Info.plist; sourceTree = "<group>"; };
		3265EBBE27C48B6A00ED120F /* RMCatalogTests.xctest */ = {isa = PBXFileReference; explicitFileType = wrapper.cfbundle; includeInIndex = 0; path = RMCatalogTests.xctest; sourceTree = BUILT_PRODUCTS_DIR; };
		3265EBC227C48B6A00ED120F /* Info.plist */ = {isa = PBXFileReference; lastKnownFileType = text.plist.xml; path = Info.plist; sourceTree = "<group>"; };
		861D459627C4834B0008C7E9 /* RMCharacterStatus.swift */ = {isa = PBXFileReference; fileEncoding = 4; lastKnownFileType = sourcecode.swift; path = RMCharacterStatus.swift; sourceTree = "<group>"; };
		861D459727C4834B0008C7E9 /* RMRequest.swift */ = {isa = PBXFileReference; fileEncoding = 4; lastKnownFileType = sourcecode.swift; path = RMRequest.swift; sourceTree = "<group>"; };
		861D459827C4834B0008C7E9 /* RMCharacterFilterKey.swift */ = {isa = PBXFileReference; fileEncoding = 4; lastKnownFileType = sourcecode.swift; path = RMCharacterFilterKey.swift; sourceTree = "<group>"; };
		861D459927C4834B0008C7E9 /* RMCharacterGender.swift */ = {isa = PBXFileReference; fileEncoding = 4; lastKnownFileType = sourcecode.swift; path = RMCharacterGender.swift; sourceTree = "<group>"; };
		861D459A27C4834B0008C7E9 /* RMCharacterResult.swift */ = {isa = PBXFileReference; fileEncoding = 4; lastKnownFileType = sourcecode.swift; path = RMCharacterResult.swift; sourceTree = "<group>"; };
		861D459B27C4834B0008C7E9 /* RMError.swift */ = {isa = PBXFileReference; fileEncoding = 4; lastKnownFileType = sourcecode.swift; path = RMError.swift; sourceTree = "<group>"; };
		861D459C27C4834B0008C7E9 /* RMCharacter.swift */ = {isa = PBXFileReference; fileEncoding = 4; lastKnownFileType = sourcecode.swift; path = RMCharacter.swift; sourceTree = "<group>"; };
		861D45A427C48D5E0008C7E9 /* RMRequestTests.swift */ = {isa = PBXFileReference; fileEncoding = 4; lastKnownFileType = sourcecode.swift; path = RMRequestTests.swift; sourceTree = "<group>"; };
/* End PBXFileReference section */

/* Begin PBXFrameworksBuildPhase section */
		322A56AA27C32A720005E68A /* Frameworks */ = {
			isa = PBXFrameworksBuildPhase;
			buildActionMask = 2147483647;
			files = (
			);
			runOnlyForDeploymentPostprocessing = 0;
		};
		3265EBBB27C48B6A00ED120F /* Frameworks */ = {
			isa = PBXFrameworksBuildPhase;
			buildActionMask = 2147483647;
			files = (
			);
			runOnlyForDeploymentPostprocessing = 0;
		};
/* End PBXFrameworksBuildPhase section */

/* Begin PBXGroup section */
		322A56A427C32A720005E68A = {
			isa = PBXGroup;
			children = (
				322A56AF27C32A720005E68A /* RMCatalog */,
				3265EBBF27C48B6A00ED120F /* RMCatalogTests */,
				322A56AE27C32A720005E68A /* Products */,
			);
			sourceTree = "<group>";
		};
		322A56AE27C32A720005E68A /* Products */ = {
			isa = PBXGroup;
			children = (
				322A56AD27C32A720005E68A /* RMCatalog.app */,
				3265EBBE27C48B6A00ED120F /* RMCatalogTests.xctest */,
			);
			name = Products;
			sourceTree = "<group>";
		};
		322A56AF27C32A720005E68A /* RMCatalog */ = {
			isa = PBXGroup;
			children = (
				861D459527C482EF0008C7E9 /* Networking */,
				322A56B027C32A720005E68A /* AppDelegate.swift */,
				322A56B227C32A720005E68A /* ViewController.swift */,
				322A56B427C32A720005E68A /* Main.storyboard */,
				322A56B727C32A730005E68A /* Assets.xcassets */,
				322A56B927C32A730005E68A /* LaunchScreen.storyboard */,
				322A56BC27C32A730005E68A /* Info.plist */,
			);
			path = RMCatalog;
			sourceTree = "<group>";
		};
		3265EBBF27C48B6A00ED120F /* RMCatalogTests */ = {
			isa = PBXGroup;
			children = (
				861D45A427C48D5E0008C7E9 /* RMRequestTests.swift */,
				3265EBC227C48B6A00ED120F /* Info.plist */,
			);
			path = RMCatalogTests;
			sourceTree = "<group>";
		};
		861D459527C482EF0008C7E9 /* Networking */ = {
			isa = PBXGroup;
			children = (
				861D459C27C4834B0008C7E9 /* RMCharacter.swift */,
				861D459827C4834B0008C7E9 /* RMCharacterFilterKey.swift */,
				861D459927C4834B0008C7E9 /* RMCharacterGender.swift */,
				861D459A27C4834B0008C7E9 /* RMCharacterResult.swift */,
				861D459627C4834B0008C7E9 /* RMCharacterStatus.swift */,
				861D459B27C4834B0008C7E9 /* RMError.swift */,
				861D459727C4834B0008C7E9 /* RMRequest.swift */,
			);
			path = Networking;
			sourceTree = "<group>";
		};
/* End PBXGroup section */

/* Begin PBXNativeTarget section */
		322A56AC27C32A720005E68A /* RMCatalog */ = {
			isa = PBXNativeTarget;
			buildConfigurationList = 322A56BF27C32A730005E68A /* Build configuration list for PBXNativeTarget "RMCatalog" */;
			buildPhases = (
				322A56A927C32A720005E68A /* Sources */,
				322A56AA27C32A720005E68A /* Frameworks */,
				322A56AB27C32A720005E68A /* Resources */,
			);
			buildRules = (
			);
			dependencies = (
			);
			name = RMCatalog;
			productName = RMCatalog;
			productReference = 322A56AD27C32A720005E68A /* RMCatalog.app */;
			productType = "com.apple.product-type.application";
		};
		3265EBBD27C48B6A00ED120F /* RMCatalogTests */ = {
			isa = PBXNativeTarget;
			buildConfigurationList = 3265EBC727C48B6A00ED120F /* Build configuration list for PBXNativeTarget "RMCatalogTests" */;
			buildPhases = (
				3265EBBA27C48B6A00ED120F /* Sources */,
				3265EBBB27C48B6A00ED120F /* Frameworks */,
				3265EBBC27C48B6A00ED120F /* Resources */,
			);
			buildRules = (
			);
			dependencies = (
				3265EBC427C48B6A00ED120F /* PBXTargetDependency */,
			);
			name = RMCatalogTests;
			productName = RMCatalogTests;
			productReference = 3265EBBE27C48B6A00ED120F /* RMCatalogTests.xctest */;
			productType = "com.apple.product-type.bundle.unit-test";
		};
/* End PBXNativeTarget section */

/* Begin PBXProject section */
		322A56A527C32A720005E68A /* Project object */ = {
			isa = PBXProject;
			attributes = {
				LastSwiftUpdateCheck = 1010;
				LastUpgradeCheck = 1010;
				ORGANIZATIONNAME = "Manuel Mantilla";
				TargetAttributes = {
					322A56AC27C32A720005E68A = {
						CreatedOnToolsVersion = 10.1;
					};
					3265EBBD27C48B6A00ED120F = {
						CreatedOnToolsVersion = 10.1;
						LastSwiftMigration = 1310;
						TestTargetID = 322A56AC27C32A720005E68A;
					};
				};
			};
			buildConfigurationList = 322A56A827C32A720005E68A /* Build configuration list for PBXProject "RMCatalog" */;
			compatibilityVersion = "Xcode 9.3";
			developmentRegion = en;
			hasScannedForEncodings = 0;
			knownRegions = (
				en,
				Base,
			);
			mainGroup = 322A56A427C32A720005E68A;
			productRefGroup = 322A56AE27C32A720005E68A /* Products */;
			projectDirPath = "";
			projectRoot = "";
			targets = (
				322A56AC27C32A720005E68A /* RMCatalog */,
				3265EBBD27C48B6A00ED120F /* RMCatalogTests */,
			);
		};
/* End PBXProject section */

/* Begin PBXResourcesBuildPhase section */
		322A56AB27C32A720005E68A /* Resources */ = {
			isa = PBXResourcesBuildPhase;
			buildActionMask = 2147483647;
			files = (
				322A56BB27C32A730005E68A /* LaunchScreen.storyboard in Resources */,
				322A56B827C32A730005E68A /* Assets.xcassets in Resources */,
				322A56B627C32A720005E68A /* Main.storyboard in Resources */,
			);
			runOnlyForDeploymentPostprocessing = 0;
		};
		3265EBBC27C48B6A00ED120F /* Resources */ = {
			isa = PBXResourcesBuildPhase;
			buildActionMask = 2147483647;
			files = (
			);
			runOnlyForDeploymentPostprocessing = 0;
		};
/* End PBXResourcesBuildPhase section */

/* Begin PBXSourcesBuildPhase section */
		322A56A927C32A720005E68A /* Sources */ = {
			isa = PBXSourcesBuildPhase;
			buildActionMask = 2147483647;
			files = (
				322A56B327C32A720005E68A /* ViewController.swift in Sources */,
				861D45A227C4834B0008C7E9 /* RMError.swift in Sources */,
				322A56B127C32A720005E68A /* AppDelegate.swift in Sources */,
				861D459F27C4834B0008C7E9 /* RMCharacterFilterKey.swift in Sources */,
				861D45A127C4834B0008C7E9 /* RMCharacterResult.swift in Sources */,
				861D459E27C4834B0008C7E9 /* RMRequest.swift in Sources */,
				861D45A327C4834B0008C7E9 /* RMCharacter.swift in Sources */,
				861D459D27C4834B0008C7E9 /* RMCharacterStatus.swift in Sources */,
				861D45A027C4834B0008C7E9 /* RMCharacterGender.swift in Sources */,
			);
			runOnlyForDeploymentPostprocessing = 0;
		};
		3265EBBA27C48B6A00ED120F /* Sources */ = {
			isa = PBXSourcesBuildPhase;
			buildActionMask = 2147483647;
			files = (
				861D45A527C48D5E0008C7E9 /* RMRequestTests.swift in Sources */,
			);
			runOnlyForDeploymentPostprocessing = 0;
		};
/* End PBXSourcesBuildPhase section */

/* Begin PBXTargetDependency section */
		3265EBC427C48B6A00ED120F /* PBXTargetDependency */ = {
			isa = PBXTargetDependency;
			target = 322A56AC27C32A720005E68A /* RMCatalog */;
			targetProxy = 3265EBC327C48B6A00ED120F /* PBXContainerItemProxy */;
		};
/* End PBXTargetDependency section */

/* Begin PBXVariantGroup section */
		322A56B427C32A720005E68A /* Main.storyboard */ = {
			isa = PBXVariantGroup;
			children = (
				322A56B527C32A720005E68A /* Base */,
			);
			name = Main.storyboard;
			sourceTree = "<group>";
		};
		322A56B927C32A730005E68A /* LaunchScreen.storyboard */ = {
			isa = PBXVariantGroup;
			children = (
				322A56BA27C32A730005E68A /* Base */,
			);
			name = LaunchScreen.storyboard;
			sourceTree = "<group>";
		};
/* End PBXVariantGroup section */

/* Begin XCBuildConfiguration section */
		322A56BD27C32A730005E68A /* Debug */ = {
			isa = XCBuildConfiguration;
			buildSettings = {
				ALWAYS_SEARCH_USER_PATHS = NO;
				CLANG_ANALYZER_NONNULL = YES;
				CLANG_ANALYZER_NUMBER_OBJECT_CONVERSION = YES_AGGRESSIVE;
				CLANG_CXX_LANGUAGE_STANDARD = "gnu++14";
				CLANG_CXX_LIBRARY = "libc++";
				CLANG_ENABLE_MODULES = YES;
				CLANG_ENABLE_OBJC_ARC = YES;
				CLANG_ENABLE_OBJC_WEAK = YES;
				CLANG_WARN_BLOCK_CAPTURE_AUTORELEASING = YES;
				CLANG_WARN_BOOL_CONVERSION = YES;
				CLANG_WARN_COMMA = YES;
				CLANG_WARN_CONSTANT_CONVERSION = YES;
				CLANG_WARN_DEPRECATED_OBJC_IMPLEMENTATIONS = YES;
				CLANG_WARN_DIRECT_OBJC_ISA_USAGE = YES_ERROR;
				CLANG_WARN_DOCUMENTATION_COMMENTS = YES;
				CLANG_WARN_EMPTY_BODY = YES;
				CLANG_WARN_ENUM_CONVERSION = YES;
				CLANG_WARN_INFINITE_RECURSION = YES;
				CLANG_WARN_INT_CONVERSION = YES;
				CLANG_WARN_NON_LITERAL_NULL_CONVERSION = YES;
				CLANG_WARN_OBJC_IMPLICIT_RETAIN_SELF = YES;
				CLANG_WARN_OBJC_LITERAL_CONVERSION = YES;
				CLANG_WARN_OBJC_ROOT_CLASS = YES_ERROR;
				CLANG_WARN_RANGE_LOOP_ANALYSIS = YES;
				CLANG_WARN_STRICT_PROTOTYPES = YES;
				CLANG_WARN_SUSPICIOUS_MOVE = YES;
				CLANG_WARN_UNGUARDED_AVAILABILITY = YES_AGGRESSIVE;
				CLANG_WARN_UNREACHABLE_CODE = YES;
				CLANG_WARN__DUPLICATE_METHOD_MATCH = YES;
				CODE_SIGN_IDENTITY = "iPhone Developer";
				COPY_PHASE_STRIP = NO;
				DEBUG_INFORMATION_FORMAT = dwarf;
				ENABLE_STRICT_OBJC_MSGSEND = YES;
				ENABLE_TESTABILITY = YES;
				GCC_C_LANGUAGE_STANDARD = gnu11;
				GCC_DYNAMIC_NO_PIC = NO;
				GCC_NO_COMMON_BLOCKS = YES;
				GCC_OPTIMIZATION_LEVEL = 0;
				GCC_PREPROCESSOR_DEFINITIONS = (
					"DEBUG=1",
					"$(inherited)",
				);
				GCC_WARN_64_TO_32_BIT_CONVERSION = YES;
				GCC_WARN_ABOUT_RETURN_TYPE = YES_ERROR;
				GCC_WARN_UNDECLARED_SELECTOR = YES;
				GCC_WARN_UNINITIALIZED_AUTOS = YES_AGGRESSIVE;
				GCC_WARN_UNUSED_FUNCTION = YES;
				GCC_WARN_UNUSED_VARIABLE = YES;
				IPHONEOS_DEPLOYMENT_TARGET = 12.1;
				MTL_ENABLE_DEBUG_INFO = INCLUDE_SOURCE;
				MTL_FAST_MATH = YES;
				ONLY_ACTIVE_ARCH = YES;
				SDKROOT = iphoneos;
				SWIFT_ACTIVE_COMPILATION_CONDITIONS = DEBUG;
				SWIFT_OPTIMIZATION_LEVEL = "-Onone";
			};
			name = Debug;
		};
		322A56BE27C32A730005E68A /* Release */ = {
			isa = XCBuildConfiguration;
			buildSettings = {
				ALWAYS_SEARCH_USER_PATHS = NO;
				CLANG_ANALYZER_NONNULL = YES;
				CLANG_ANALYZER_NUMBER_OBJECT_CONVERSION = YES_AGGRESSIVE;
				CLANG_CXX_LANGUAGE_STANDARD = "gnu++14";
				CLANG_CXX_LIBRARY = "libc++";
				CLANG_ENABLE_MODULES = YES;
				CLANG_ENABLE_OBJC_ARC = YES;
				CLANG_ENABLE_OBJC_WEAK = YES;
				CLANG_WARN_BLOCK_CAPTURE_AUTORELEASING = YES;
				CLANG_WARN_BOOL_CONVERSION = YES;
				CLANG_WARN_COMMA = YES;
				CLANG_WARN_CONSTANT_CONVERSION = YES;
				CLANG_WARN_DEPRECATED_OBJC_IMPLEMENTATIONS = YES;
				CLANG_WARN_DIRECT_OBJC_ISA_USAGE = YES_ERROR;
				CLANG_WARN_DOCUMENTATION_COMMENTS = YES;
				CLANG_WARN_EMPTY_BODY = YES;
				CLANG_WARN_ENUM_CONVERSION = YES;
				CLANG_WARN_INFINITE_RECURSION = YES;
				CLANG_WARN_INT_CONVERSION = YES;
				CLANG_WARN_NON_LITERAL_NULL_CONVERSION = YES;
				CLANG_WARN_OBJC_IMPLICIT_RETAIN_SELF = YES;
				CLANG_WARN_OBJC_LITERAL_CONVERSION = YES;
				CLANG_WARN_OBJC_ROOT_CLASS = YES_ERROR;
				CLANG_WARN_RANGE_LOOP_ANALYSIS = YES;
				CLANG_WARN_STRICT_PROTOTYPES = YES;
				CLANG_WARN_SUSPICIOUS_MOVE = YES;
				CLANG_WARN_UNGUARDED_AVAILABILITY = YES_AGGRESSIVE;
				CLANG_WARN_UNREACHABLE_CODE = YES;
				CLANG_WARN__DUPLICATE_METHOD_MATCH = YES;
				CODE_SIGN_IDENTITY = "iPhone Developer";
				COPY_PHASE_STRIP = NO;
				DEBUG_INFORMATION_FORMAT = "dwarf-with-dsym";
				ENABLE_NS_ASSERTIONS = NO;
				ENABLE_STRICT_OBJC_MSGSEND = YES;
				GCC_C_LANGUAGE_STANDARD = gnu11;
				GCC_NO_COMMON_BLOCKS = YES;
				GCC_WARN_64_TO_32_BIT_CONVERSION = YES;
				GCC_WARN_ABOUT_RETURN_TYPE = YES_ERROR;
				GCC_WARN_UNDECLARED_SELECTOR = YES;
				GCC_WARN_UNINITIALIZED_AUTOS = YES_AGGRESSIVE;
				GCC_WARN_UNUSED_FUNCTION = YES;
				GCC_WARN_UNUSED_VARIABLE = YES;
				IPHONEOS_DEPLOYMENT_TARGET = 12.1;
				MTL_ENABLE_DEBUG_INFO = NO;
				MTL_FAST_MATH = YES;
				SDKROOT = iphoneos;
				SWIFT_COMPILATION_MODE = wholemodule;
				SWIFT_OPTIMIZATION_LEVEL = "-O";
				VALIDATE_PRODUCT = YES;
			};
			name = Release;
		};
		322A56C027C32A730005E68A /* Debug */ = {
			isa = XCBuildConfiguration;
			buildSettings = {
				ASSETCATALOG_COMPILER_APPICON_NAME = AppIcon;
				CODE_SIGN_STYLE = Automatic;
				DEVELOPMENT_TEAM = XDAD395VQN;
				INFOPLIST_FILE = RMCatalog/Info.plist;
				LD_RUNPATH_SEARCH_PATHS = (
					"$(inherited)",
					"@executable_path/Frameworks",
				);
				PRODUCT_BUNDLE_IDENTIFIER = com.manto.RMCatalog;
				PRODUCT_NAME = "$(TARGET_NAME)";
				SWIFT_VERSION = 4.2;
				TARGETED_DEVICE_FAMILY = "1,2";
			};
			name = Debug;
		};
		322A56C127C32A730005E68A /* Release */ = {
			isa = XCBuildConfiguration;
			buildSettings = {
				ASSETCATALOG_COMPILER_APPICON_NAME = AppIcon;
				CODE_SIGN_STYLE = Automatic;
				DEVELOPMENT_TEAM = XDAD395VQN;
				INFOPLIST_FILE = RMCatalog/Info.plist;
				LD_RUNPATH_SEARCH_PATHS = (
					"$(inherited)",
					"@executable_path/Frameworks",
				);
				PRODUCT_BUNDLE_IDENTIFIER = com.manto.RMCatalog;
				PRODUCT_NAME = "$(TARGET_NAME)";
				SWIFT_VERSION = 4.2;
				TARGETED_DEVICE_FAMILY = "1,2";
			};
			name = Release;
		};
		3265EBC527C48B6A00ED120F /* Debug */ = {
			isa = XCBuildConfiguration;
			buildSettings = {
				BUNDLE_LOADER = "$(TEST_HOST)";
				CLANG_ENABLE_MODULES = YES;
				CODE_SIGN_STYLE = Automatic;
				DEVELOPMENT_TEAM = XDAD395VQN;
				INFOPLIST_FILE = RMCatalogTests/Info.plist;
				LD_RUNPATH_SEARCH_PATHS = (
					"$(inherited)",
					"@executable_path/Frameworks",
					"@loader_path/Frameworks",
				);
				PRODUCT_BUNDLE_IDENTIFIER = com.manto.RMCatalogTests;
				PRODUCT_NAME = "$(TARGET_NAME)";
				SWIFT_OPTIMIZATION_LEVEL = "-Onone";
				SWIFT_VERSION = 4.2;
				TARGETED_DEVICE_FAMILY = "1,2";
				TEST_HOST = "$(BUILT_PRODUCTS_DIR)/RMCatalog.app/RMCatalog";
			};
			name = Debug;
		};
		3265EBC627C48B6A00ED120F /* Release */ = {
			isa = XCBuildConfiguration;
			buildSettings = {
				BUNDLE_LOADER = "$(TEST_HOST)";
				CLANG_ENABLE_MODULES = YES;
				CODE_SIGN_STYLE = Automatic;
				DEVELOPMENT_TEAM = XDAD395VQN;
				INFOPLIST_FILE = RMCatalogTests/Info.plist;
				LD_RUNPATH_SEARCH_PATHS = (
					"$(inherited)",
					"@executable_path/Frameworks",
					"@loader_path/Frameworks",
				);
				PRODUCT_BUNDLE_IDENTIFIER = com.manto.RMCatalogTests;
				PRODUCT_NAME = "$(TARGET_NAME)";
				SWIFT_VERSION = 4.2;
				TARGETED_DEVICE_FAMILY = "1,2";
				TEST_HOST = "$(BUILT_PRODUCTS_DIR)/RMCatalog.app/RMCatalog";
			};
			name = Release;
		};
/* End XCBuildConfiguration section */

/* Begin XCConfigurationList section */
		322A56A827C32A720005E68A /* Build configuration list for PBXProject "RMCatalog" */ = {
			isa = XCConfigurationList;
			buildConfigurations = (
				322A56BD27C32A730005E68A /* Debug */,
				322A56BE27C32A730005E68A /* Release */,
			);
			defaultConfigurationIsVisible = 0;
			defaultConfigurationName = Release;
		};
		322A56BF27C32A730005E68A /* Build configuration list for PBXNativeTarget "RMCatalog" */ = {
			isa = XCConfigurationList;
			buildConfigurations = (
				322A56C027C32A730005E68A /* Debug */,
				322A56C127C32A730005E68A /* Release */,
			);
			defaultConfigurationIsVisible = 0;
			defaultConfigurationName = Release;
		};
		3265EBC727C48B6A00ED120F /* Build configuration list for PBXNativeTarget "RMCatalogTests" */ = {
			isa = XCConfigurationList;
			buildConfigurations = (
				3265EBC527C48B6A00ED120F /* Debug */,
				3265EBC627C48B6A00ED120F /* Release */,
			);
			defaultConfigurationIsVisible = 0;
			defaultConfigurationName = Release;
		};
/* End XCConfigurationList section */
	};
	rootObject = 322A56A527C32A720005E68A /* Project object */;
}
